dependencies:
- name: central
  repository: file://../central
  version: 8.7.1
- name: ml-api-adapter
  repository: file://../ml-api-adapter
  version: 8.7.1
- name: emailnotifier
  repository: file://../emailnotifier
  version: 8.7.1
- name: account-lookup-service
  repository: file://../account-lookup-service
  version: 8.7.1
- name: quoting-service
  repository: file://../quoting-service
  version: 8.7.1
- name: simulator
  repository: file://../simulator
  version: 8.7.0
- name: mojaloop-bulk
  repository: file://../mojaloop-bulk
  version: 8.7.1
- name: transaction-requests-service
  repository: file://../transaction-requests-service
  version: 8.7.1
- name: finance-portal
  repository: file://../finance-portal
  version: 8.8.0
- name: finance-portal-settlement-management
  repository: file://../finance-portal-settlement-management
  version: 8.8.0
digest: sha256:f7a33f03b249b8477367e12ca479f9c9a942c9f0f6554d1baa560100f6de2588
generated: "2020-04-16T02:56:14.235307449Z"
